github.com/steve148/advent-of-code-2021/day10 v0.0.0-20211230163928-f0bd326f042b h1:pgQrswcqYaMScYpithx3A4CW3CMySSV0S8ECQlDCESY=
github.com/steve148/advent-of-code-2021/day10 v0.0.0-20211230163928-f0bd326f042b/go.mod h1:i3CPm0vkwKSNzjaDXiQAsJDi3UPBBDOg5k3WkH3cWk8=
github.com/steve148/advent-of-code-2021/day11 v0.0.0-20211230230822-c24ab15aa523 h1:8caF8dueOpjRbRpipiLBZUFD22JXrqtpH+zvjwm/9Ws=
github.com/steve148/advent-of-code-2021/day11 v0.0.0-20211230230822-c24ab15aa523/go.mod h1:6LZASwy6BL87mS9cZc3la7GyXulC9+k8PzLRQljlZvQ=
github.com/steve148/advent-of-code-2021/day12 v0.0.0-20211230235200-8cc44d4ddd34 h1:e1rda62wIMNmdZ783GPTPwI9lD+4hz9My7ZwqnhgSNw=
github.com/steve148/advent-of-code-2021/day12 v0.0.0-20211230235200-8cc44d4ddd34/go.mod h1:fElAWjEfrJvASV/tGhQaNczKR1PlO1JuEq9e2o3guMM=
github.com/steve148/advent-of-code-2021/day13 v0.0.0-20220101154958-ca25002f7f5a h1:qHJJxgYx52Z//d5WM/i1tniPTh7kbepOIzr8lT2PTt8=
github.com/steve148/advent-of-code-2021/day13 v0.0.0-20220101154958-ca25002f7f5a/go.mod h1:XUMpl/YGtLy3VCGpNo3dffdoXJTjEOpjctJITQyUkto=
github.com/steve148/advent-of-code-2021/day14 v0.0.0-20220102041408-6321491b909a h1:UdHK4Nu20yVXiCGlm+9YWOhlc1zYboeJhl6IQqS8xyE=
github.com/steve148/advent-of-code-2021/day14 v0.0.0-20220102041408-6321491b909a/go.mod h1:aq1R9ntSeh0s4oZSw1E3MeUJC5YyYbYSTNYpUoWx4LA=
github.com/steve148/advent-of-code-2021/day4 v0.0.0-20211229222139-3657db7dc6c4 h1:sa/WiE3uYMyos3CVp7kphncqxJ2ssiVXNjbLDkhUInU=
github.com/steve148/advent-of-code-2021/day4 v0.0.0-20211229222139-3657db7dc6c4/go.mod h1:JSGxZyQJiOa8DegLWQ4b7tJ/ZH+N2IKfchcLL5T3fxM=
github.com/steve148/advent-of-code-2021/day4 v0.0.0-20211229222332-54e3a202e14e h1:xoEzrEmh+aoR14Fr56J3poQ9Lb17nLwPbjljMxgEPzw=
github.com/steve148/advent-of-code-2021/day4 v0.0.0-20211229222332-54e3a202e14e/go.mod h1:JSGxZyQJiOa8DegLWQ4b7tJ/ZH+N2IKfchcLL5T3fxM=
github.com/steve148/advent-of-code-2021/day5 v0.0.0-20211229220039-b6d6cab8af99 h1:jR98ioJSPkOnd9Eu+WZ9zW+pgcouhqhxlw6yNJP6+Wc=
github.com/steve148/advent-of-code-2021/day5 v0.0.0-20211229220039-b6d6cab8af99/go.mod h1:AARUapvpQ7LQQL/9DAVCpQFh6W43rfy19w3CF5p1ses=
github.com/steve148/advent-of-code-2021/day6 v0.0.0-20211229222651-d7e270f4b4e0 h1:1j0sWMcUfg98yfpM/FVy9o0dbKV/gGuPBnDjYkCVDek=
github.com/steve148/advent-of-code-2021/day6 v0.0.0-20211229222651-d7e270f4b4e0/go.mod h1:c8Eq7Rd3ITem4glv5Mn+bmTjSnBcnehn83vwy3FMpfQ=
github.com/steve148/advent-of-code-2021/day7 v0.0.0-20211230012304-6dc72d4956dc h1:8t//MX69UVWIfQrOfE3ZwfKmsjBRPZbul1Yxakpqbcg=
github.com/steve148/advent-of-code-2021/day7 v0.0.0-20211230012304-6dc72d4956dc/go.mod h1:oRTe+C1RgjML9cI8hudlV2n1jEp5vf1VlZo7zgzb+Ug=
github.com/steve148/advent-of-code-2021/day8 v0.0.0-20211230020743-2e957b0674b4 h1:JFdeQuMzgUnpx+SdGcq8qMv+BNTRni6JaN6F6HfbL5E=
github.com/steve148/advent-of-code-2021/day8 v0.0.0-20211230020743-2e957b0674b4/go.mod h1:dKMmINhX+vaEgU7f01k62ku7w6adGi8kKcM8IJ/LqBE=
github.com/steve148/advent-of-code-2021/day9 v0.0.0-20211230052202-c61c5e759cbd h1:jvK4xWuRlhq0u9YTBr+jqwTlGnF+/0sq/Umv72cEdxA=
github.com/steve148/advent-of-code-2021/day9 v0.0.0-20211230052202-c61c5e759cbd/go.mod h1:wzaWKKbKuSbqW3KKPU682x0C4AhNbDV0jaYNmykj5RQ=
